
Microsoft Visual Studio Solution File, Format Version 12.00
# Visual Studio Version 17
VisualStudioVersion = 17.1.32328.378
MinimumVisualStudioVersion = 10.0.40219.1
Project("{FAE04EC0-301F-11D3-BF4B-00C04F79EFBC}") = "EmpWage", "EmpWage.csproj", "{EB8DE5EB-EC1E-48B5-ADDF-DA77F5AA17B0}"
EndProject
Global
	GlobalSection(SolutionConfigurationPlatforms) = preSolution
		Debug|Any CPU = Debug|Any CPU
		Release|Any CPU = Release|Any CPU
	EndGlobalSection
	GlobalSection(ProjectConfigurationPlatforms) = postSolution
		{EB8DE5EB-EC1E-48B5-ADDF-DA77F5AA17B0}.Debug|Any CPU.ActiveCfg = Debug|Any CPU
		{EB8DE5EB-EC1E-48B5-ADDF-DA77F5AA17B0}.Debug|Any CPU.Build.0 = Debug|Any CPU
		{EB8DE5EB-EC1E-48B5-ADDF-DA77F5AA17B0}.Release|Any CPU.ActiveCfg = Release|Any CPU
		{EB8DE5EB-EC1E-48B5-ADDF-DA77F5AA17B0}.Release|Any CPU.Build.0 = Release|Any CPU
	EndGlobalSection
	GlobalSection(SolutionProperties) = preSolution
		HideSolutionNode = FALSE
	EndGlobalSection
	GlobalSection(ExtensibilityGlobals) = postSolution
		SolutionGuid = {BFECE620-8963-4120-AEE3-AB4E12FC4FD7}
	EndGlobalSection
EndGlobal
